
Microsoft Visual Studio Solution File, Format Version 12.00
# Visual Studio 15
VisualStudioVersion = 15.0.28307.489
MinimumVisualStudioVersion = 10.0.40219.1
Project("{FAE04EC0-301F-11D3-BF4B-00C04F79EFBC}") = "GraphProb", "GraphProb\GraphProb.csproj", "{4EE9E6A0-1B8B-40F9-A4F6-48C7FFE4853B}"
EndProject
Global
	GlobalSection(SolutionConfigurationPlatforms) = preSolution
		Debug|Any CPU = Debug|Any CPU
		Release|Any CPU = Release|Any CPU
	EndGlobalSection
	GlobalSection(ProjectConfigurationPlatforms) = postSolution
		{4EE9E6A0-1B8B-40F9-A4F6-48C7FFE4853B}.Debug|Any CPU.ActiveCfg = Debug|Any CPU
		{4EE9E6A0-1B8B-40F9-A4F6-48C7FFE4853B}.Debug|Any CPU.Build.0 = Debug|Any CPU
		{4EE9E6A0-1B8B-40F9-A4F6-48C7FFE4853B}.Release|Any CPU.ActiveCfg = Release|Any CPU
		{4EE9E6A0-1B8B-40F9-A4F6-48C7FFE4853B}.Release|Any CPU.Build.0 = Release|Any CPU
	EndGlobalSection
	GlobalSection(SolutionProperties) = preSolution
		HideSolutionNode = FALSE
	EndGlobalSection
	GlobalSection(ExtensibilityGlobals) = postSolution
		SolutionGuid = {A00B7A20-23B2-4FEE-9D27-BC47428098A7}
	EndGlobalSection
EndGlobal
